{
  "name": "example",
  "version": "1.0.0",
  "lockfileVersion": 1,
  "requires": true,
  "dependencies": {
    "onions": {
      "version": "1.0.8",
      "resolved": "https://registry.npmjs.org/onions/-/onions-1.0.8.tgz",
      "integrity": "sha512-/J2DMNdsgWsEcAFl7bcneoWC6yFtDthvNI+AUbndUWL33Imye7NU9TBldrZpUjhy/wkDkasboLmMg6xZ2K+xyQ=="
    }
  }
}
