{
  "name": "example",
  "version": "1.0.0",
  "lockfileVersion": 1,
  "requires": true,
  "dependencies": {
    "onions": {
      "version": "1.0.5",
      "resolved": "https://registry.npmjs.org/onions/-/onions-1.0.5.tgz",
      "integrity": "sha512-dGio0NA4mEDLTRhk4E7I9GMEX574Wm6JJD9r5Ko3ilZdsM3QOwicr84KFa57El72CL8rRhhwsl+nW3VlyRGRiw=="
    }
  }
}
