{
  "name": "example",
  "version": "1.0.0",
  "lockfileVersion": 1,
  "requires": true,
  "dependencies": {
    "onions": {
      "version": "4.0.2",
      "resolved": "https://registry.npmjs.org/onions/-/onions-4.0.2.tgz",
      "integrity": "sha512-9nGisOPqK61ut0YZzu5BJhGhwfQMh0W72JOxpGK2XORI7Bo3bXSNbtcNK0e8tuOiS0BPBngFJhimC7qhf79Rug=="
    }
  }
}
